
Microsoft Visual Studio Solution File, Format Version 12.00
# Visual Studio Version 16
VisualStudioVersion = 16.0.32228.343
MinimumVisualStudioVersion = 10.0.40219.1
Project("{FAE04EC0-301F-11D3-BF4B-00C04F79EFBC}") = "HTAOpener", "HTAOpener\HTAOpener.csproj", "{BC0E1805-CEE0-4BE9-8806-B3528159F755}"
EndProject
Global
	GlobalSection(SolutionConfigurationPlatforms) = preSolution
		Debug|Any CPU = Debug|Any CPU
		Release|Any CPU = Release|Any CPU
	EndGlobalSection
	GlobalSection(ProjectConfigurationPlatforms) = postSolution
		{BC0E1805-CEE0-4BE9-8806-B3528159F755}.Debug|Any CPU.ActiveCfg = Debug|Any CPU
		{BC0E1805-CEE0-4BE9-8806-B3528159F755}.Debug|Any CPU.Build.0 = Debug|Any CPU
		{BC0E1805-CEE0-4BE9-8806-B3528159F755}.Release|Any CPU.ActiveCfg = Release|Any CPU
		{BC0E1805-CEE0-4BE9-8806-B3528159F755}.Release|Any CPU.Build.0 = Release|Any CPU
	EndGlobalSection
	GlobalSection(SolutionProperties) = preSolution
		HideSolutionNode = FALSE
	EndGlobalSection
	GlobalSection(ExtensibilityGlobals) = postSolution
		SolutionGuid = {2BE0FAE9-C81E-40A3-97D8-C5B513D70FFE}
	EndGlobalSection
EndGlobal
